
Microsoft Visual Studio Solution File, Format Version 12.00
# Visual Studio Version 16
VisualStudioVersion = 16.0.31205.134
MinimumVisualStudioVersion = 10.0.40219.1
Project("{FAE04EC0-301F-11D3-BF4B-00C04F79EFBC}") = "TryCatch", "TryCatch\TryCatch.csproj", "{80B30E70-4C7D-46EB-89A2-C18FC86A6DEC}"
EndProject
Global
	GlobalSection(SolutionConfigurationPlatforms) = preSolution
		Debug|Any CPU = Debug|Any CPU
		Release|Any CPU = Release|Any CPU
	EndGlobalSection
	GlobalSection(ProjectConfigurationPlatforms) = postSolution
		{80B30E70-4C7D-46EB-89A2-C18FC86A6DEC}.Debug|Any CPU.ActiveCfg = Debug|Any CPU
		{80B30E70-4C7D-46EB-89A2-C18FC86A6DEC}.Debug|Any CPU.Build.0 = Debug|Any CPU
		{80B30E70-4C7D-46EB-89A2-C18FC86A6DEC}.Release|Any CPU.ActiveCfg = Release|Any CPU
		{80B30E70-4C7D-46EB-89A2-C18FC86A6DEC}.Release|Any CPU.Build.0 = Release|Any CPU
	EndGlobalSection
	GlobalSection(SolutionProperties) = preSolution
		HideSolutionNode = FALSE
	EndGlobalSection
	GlobalSection(ExtensibilityGlobals) = postSolution
		SolutionGuid = {0541074B-D3B6-4AAA-8639-2076DE12EC48}
	EndGlobalSection
EndGlobal
